<?xml version="1.0" encoding="utf-8"?>
<Project ToolsVersion="4.0" xmlns="http://schemas.microsoft.com/developer/msbuild/2003">
  <ItemGroup>
    <Filter Include="Source Files">
      <UniqueIdentifier>{4FC737F1-C7A5-4376-A066-2A32D752A2FF}</UniqueIdentifier>
      <Extensions>cpp;c;cc;cxx;c++;def;odl;idl;hpj;bat;asm;asmx</Extensions>
    </Filter>
    <Filter Include="Header Files">
      <UniqueIdentifier>{93995380-89BD-4b04-88EB-625FBE52EBFB}</UniqueIdentifier>
      <Extensions>h;hh;hpp;hxx;h++;hm;inl;inc;ipp;xsd</Extensions>
    </Filter>
    <Filter Include="Resource Files">
      <UniqueIdentifier>{67DA6AB6-F800-4c08-8B7A-83BB121AAD01}</UniqueIdentifier>
      <Extensions>rc;ico;cur;bmp;dlg;rc2;rct;bin;rgs;gif;jpg;jpeg;jpe;resx;tiff;tif;png;wav;mfcribbon-ms</Extensions>
    </Filter>
    <Filter Include="Header Files\Astar">
      <UniqueIdentifier>{4adc8a5a-c775-4721-ba27-359a0084d7c9}</UniqueIdentifier>
    </Filter>
    <Filter Include="Source Files\Astar">
      <UniqueIdentifier>{4ff7ef58-795e-449c-956c-db61154201e5}</UniqueIdentifier>
    </Filter>
    <Filter Include="Header Files\Framework">
      <UniqueIdentifier>{cbea19d3-a45a-4082-a0c4-4fa2b8e06c9a}</UniqueIdentifier>
    </Filter>
    <Filter Include="Header Files\Pch">
      <UniqueIdentifier>{a51e6c34-5210-439d-80ff-6acf79f5bb10}</UniqueIdentifier>
    </Filter>
    <Filter Include="Source Files\Pch">
      <UniqueIdentifier>{933bbc89-9e3c-4781-8a37-db978797571b}</UniqueIdentifier>
    </Filter>
    <Filter Include="Header Files\Board">
      <UniqueIdentifier>{caf98f45-2153-402f-8973-750b44d878ba}</UniqueIdentifier>
    </Filter>
    <Filter Include="Source Files\Board">
      <UniqueIdentifier>{a97270be-3034-4705-8490-5366a8ac9c5b}</UniqueIdentifier>
    </Filter>
  </ItemGroup>
  <ItemGroup>
    <ClCompile Include="Source\AiDLL.cpp">
      <Filter>Source Files</Filter>
    </ClCompile>
    <ClCompile Include="Source\Board\BoardPositionConverter.cpp">
      <Filter>Source Files</Filter>
    </ClCompile>
    <ClCompile Include="Source\Astar\Astar.cpp">
      <Filter>Source Files</Filter>
    </ClCompile>
    <ClCompile Include="Source\Astar\AstarNode.cpp">
      <Filter>Source Files</Filter>
    </ClCompile>
    <ClCompile Include="Source\Astar\AstarNodeComparator.cpp">
      <Filter>Source Files</Filter>
    </ClCompile>
    <ClCompile Include="Source\Pch\pch.cpp">
      <Filter>Source Files</Filter>
    </ClCompile>
    <ClCompile Include="Source\AstarDataOriented\AstarDataOriented.cpp">
      <Filter>Source Files</Filter>
    </ClCompile>
    <ClCompile Include="Source\AstarDataOriented\AstarNodeDataOriented.cpp">
      <Filter>Source Files</Filter>
    </ClCompile>
    <ClCompile Include="Source\AstarDataOriented\AstarNodeComparatorDataOriented.cpp">
      <Filter>Source Files</Filter>
    </ClCompile>
  </ItemGroup>
  <ItemGroup>
    <ClInclude Include="Source\AiDLL.h">
      <Filter>Header Files</Filter>
    </ClInclude>
    <ClInclude Include="Source\Framework\framework.h">
      <Filter>Header Files</Filter>
    </ClInclude>
    <ClInclude Include="Source\Board\BoardPositionConverter.h">
      <Filter>Header Files</Filter>
    </ClInclude>
    <ClInclude Include="Source\Board\CellType.h">
      <Filter>Header Files</Filter>
    </ClInclude>
    <ClInclude Include="Source\Astar\Astar.h">
      <Filter>Header Files</Filter>
    </ClInclude>
    <ClInclude Include="Source\Astar\AstarNode.h">
      <Filter>Header Files</Filter>
    </ClInclude>
    <ClInclude Include="Source\Astar\AstarNodeComparator.h">
      <Filter>Header Files</Filter>
    </ClInclude>
    <ClInclude Include="Source\Pch\pch.h">
      <Filter>Header Files</Filter>
    </ClInclude>
    <ClInclude Include="Source\AstarDataOriented\AstarDataOriented.h">
      <Filter>Header Files</Filter>
    </ClInclude>
    <ClInclude Include="Source\Astar\HashPairInt.h">
      <Filter>Header Files</Filter>
    </ClInclude>
    <ClInclude Include="Source\AstarDataOriented\HashPairofPairInt.h">
      <Filter>Header Files</Filter>
    </ClInclude>
    <ClInclude Include="Source\AstarDataOriented\AstarNodeDataOriented.h">
      <Filter>Header Files</Filter>
    </ClInclude>
    <ClInclude Include="Source\AstarDataOriented\AstarNodeComparatorDataOriented.h">
      <Filter>Header Files</Filter>
    </ClInclude>
  </ItemGroup>
</Project>